// !$*UTF8*$!
{
	archiveVersion = 1;
	classes = {
	};
	objectVersion = 48;
	objects = {

/* Begin PBXBuildFile section */
		2F3EE4CA20B3AB630065724E /* AppDelegate.swift in Sources */ = {isa = PBXBuildFile; fileRef = 2F3EE4C920B3AB630065724E /* AppDelegate.swift */; };
		2F3EE4CF20B3AB630065724E /* Main.storyboard in Resources */ = {isa = PBXBuildFile; fileRef = 2F3EE4CD20B3AB630065724E /* Main.storyboard */; };
		2F3EE4D220B3AB630065724E /* Display1To100.xcdatamodeld in Sources */ = {isa = PBXBuildFile; fileRef = 2F3EE4D020B3AB630065724E /* Display1To100.xcdatamodeld */; };
		2F3EE4D420B3AB630065724E /* Assets.xcassets in Resources */ = {isa = PBXBuildFile; fileRef = 2F3EE4D320B3AB630065724E /* Assets.xcassets */; };
		2F3EE4D720B3AB630065724E /* LaunchScreen.storyboard in Resources */ = {isa = PBXBuildFile; fileRef = 2F3EE4D520B3AB630065724E /* LaunchScreen.storyboard */; };
		2F3EE4DF20B3AB960065724E /* DetailViewController.swift in Sources */ = {isa = PBXBuildFile; fileRef = 2F3EE4DE20B3AB960065724E /* DetailViewController.swift */; };
		2F3EE4E120B3AC8A0065724E /* MasterViewController.swift in Sources */ = {isa = PBXBuildFile; fileRef = 2F3EE4E020B3AC8A0065724E /* MasterViewController.swift */; };
/* End PBXBuildFile section */

/* Begin PBXFileReference section */
		2F3EE4C620B3AB630065724E /* Display1To100.app */ = {isa = PBXFileReference; explicitFileType = wrapper.application; includeInIndex = 0; path = Display1To100.app; sourceTree = BUILT_PRODUCTS_DIR; };
		2F3EE4C920B3AB630065724E /* AppDelegate.swift */ = {isa = PBXFileReference; lastKnownFileType = sourcecode.swift; path = AppDelegate.swift; sourceTree = "<group>"; };
		2F3EE4CE20B3AB630065724E /* Base */ = {isa = PBXFileReference; lastKnownFileType = file.storyboard; name = Base; path = Base.lproj/Main.storyboard; sourceTree = "<group>"; };
		2F3EE4D120B3AB630065724E /* Display1To100.xcdatamodel */ = {isa = PBXFileReference; lastKnownFileType = wrapper.xcdatamodel; path = Display1To100.xcdatamodel; sourceTree = "<group>"; };
		2F3EE4D320B3AB630065724E /* Assets.xcassets */ = {isa = PBXFileReference; lastKnownFileType = folder.assetcatalog; path = Assets.xcassets; sourceTree = "<group>"; };
		2F3EE4D620B3AB630065724E /* Base */ = {isa = PBXFileReference; lastKnownFileType = file.storyboard; name = Base; path = Base.lproj/LaunchScreen.storyboard; sourceTree = "<group>"; };
		2F3EE4D820B3AB630065724E /* Info.plist */ = {isa = PBXFileReference; lastKnownFileType = text.plist.xml; path = Info.plist; sourceTree = "<group>"; };
		2F3EE4DE20B3AB960065724E /* DetailViewController.swift */ = {isa = PBXFileReference; lastKnownFileType = sourcecode.swift; path = DetailViewController.swift; sourceTree = "<group>"; };
		2F3EE4E020B3AC8A0065724E /* MasterViewController.swift */ = {isa = PBXFileReference; lastKnownFileType = sourcecode.swift; path = MasterViewController.swift; sourceTree = "<group>"; };
/* End PBXFileReference section */

/* Begin PBXFrameworksBuildPhase section */
		2F3EE4C320B3AB630065724E /* Frameworks */ = {
			isa = PBXFrameworksBuildPhase;
			buildActionMask = 2147483647;
			files = (
			);
			runOnlyForDeploymentPostprocessing = 0;
		};
/* End PBXFrameworksBuildPhase section */

/* Begin PBXGroup section */
		2F3EE4BD20B3AB630065724E = {
			isa = PBXGroup;
			children = (
				2F3EE4C820B3AB630065724E /* Display1To100 */,
				2F3EE4C720B3AB630065724E /* Products */,
			);
			sourceTree = "<group>";
		};
		2F3EE4C720B3AB630065724E /* Products */ = {
			isa = PBXGroup;
			children = (
				2F3EE4C620B3AB630065724E /* Display1To100.app */,
			);
			name = Products;
			sourceTree = "<group>";
		};
		2F3EE4C820B3AB630065724E /* Display1To100 */ = {
			isa = PBXGroup;
			children = (
				2F3EE4C920B3AB630065724E /* AppDelegate.swift */,
				2F3EE4CD20B3AB630065724E /* Main.storyboard */,
				2F3EE4DE20B3AB960065724E /* DetailViewController.swift */,
				2F3EE4E020B3AC8A0065724E /* MasterViewController.swift */,
				2F3EE4D320B3AB630065724E /* Assets.xcassets */,
				2F3EE4D520B3AB630065724E /* LaunchScreen.storyboard */,
				2F3EE4D820B3AB630065724E /* Info.plist */,
				2F3EE4D020B3AB630065724E /* Display1To100.xcdatamodeld */,
			);
			path = Display1To100;
			sourceTree = "<group>";
		};
/* End PBXGroup section */

/* Begin PBXNativeTarget section */
		2F3EE4C520B3AB630065724E /* Display1To100 */ = {
			isa = PBXNativeTarget;
			buildConfigurationList = 2F3EE4DB20B3AB630065724E /* Build configuration list for PBXNativeTarget "Display1To100" */;
			buildPhases = (
				2F3EE4C220B3AB630065724E /* Sources */,
				2F3EE4C320B3AB630065724E /* Frameworks */,
				2F3EE4C420B3AB630065724E /* Resources */,
			);
			buildRules = (
			);
			dependencies = (
			);
			name = Display1To100;
			productName = Display1To100;
			productReference = 2F3EE4C620B3AB630065724E /* Display1To100.app */;
			productType = "com.apple.product-type.application";
		};
/* End PBXNativeTarget section */

/* Begin PBXProject section */
		2F3EE4BE20B3AB630065724E /* Project object */ = {
			isa = PBXProject;
			attributes = {
				LastSwiftUpdateCheck = 0900;
				LastUpgradeCheck = 0900;
				ORGANIZATIONNAME = NgocAnh;
				TargetAttributes = {
					2F3EE4C520B3AB630065724E = {
						CreatedOnToolsVersion = 9.0;
						ProvisioningStyle = Automatic;
					};
				};
			};
			buildConfigurationList = 2F3EE4C120B3AB630065724E /* Build configuration list for PBXProject "Display1To100" */;
			compatibilityVersion = "Xcode 8.0";
			developmentRegion = en;
			hasScannedForEncodings = 0;
			knownRegions = (
				en,
				Base,
			);
			mainGroup = 2F3EE4BD20B3AB630065724E;
			productRefGroup = 2F3EE4C720B3AB630065724E /* Products */;
			projectDirPath = "";
			projectRoot = "";
			targets = (
				2F3EE4C520B3AB630065724E /* Display1To100 */,
			);
		};
/* End PBXProject section */

/* Begin PBXResourcesBuildPhase section */
		2F3EE4C420B3AB630065724E /* Resources */ = {
			isa = PBXResourcesBuildPhase;
			buildActionMask = 2147483647;
			files = (
				2F3EE4D720B3AB630065724E /* LaunchScreen.storyboard in Resources */,
				2F3EE4D420B3AB630065724E /* Assets.xcassets in Resources */,
				2F3EE4CF20B3AB630065724E /* Main.storyboard in Resources */,
			);
			runOnlyForDeploymentPostprocessing = 0;
		};
/* End PBXResourcesBuildPhase section */

/* Begin PBXSourcesBuildPhase section */
		2F3EE4C220B3AB630065724E /* Sources */ = {
			isa = PBXSourcesBuildPhase;
			buildActionMask = 2147483647;
			files = (
				2F3EE4E120B3AC8A0065724E /* MasterViewController.swift in Sources */,
				2F3EE4D220B3AB630065724E /* Display1To100.xcdatamodeld in Sources */,
				2F3EE4CA20B3AB630065724E /* AppDelegate.swift in Sources */,
				2F3EE4DF20B3AB960065724E /* DetailViewController.swift in Sources */,
			);
			runOnlyForDeploymentPostprocessing = 0;
		};
/* End PBXSourcesBuildPhase section */

/* Begin PBXVariantGroup section */
		2F3EE4CD20B3AB630065724E /* Main.storyboard */ = {
			isa = PBXVariantGroup;
			children = (
				2F3EE4CE20B3AB630065724E /* Base */,
			);
			name = Main.storyboard;
			sourceTree = "<group>";
		};
		2F3EE4D520B3AB630065724E /* LaunchScreen.storyboard */ = {
			isa = PBXVariantGroup;
			children = (
				2F3EE4D620B3AB630065724E /* Base */,
			);
			name = LaunchScreen.storyboard;
			sourceTree = "<group>";
		};
/* End PBXVariantGroup section */

/* Begin XCBuildConfiguration section */
		2F3EE4D920B3AB630065724E /* Debug */ = {
			isa = XCBuildConfiguration;
			buildSettings = {
				ALWAYS_SEARCH_USER_PATHS = NO;
				CLANG_ANALYZER_NONNULL = YES;
				CLANG_ANALYZER_NUMBER_OBJECT_CONVERSION = YES_AGGRESSIVE;
				CLANG_CXX_LANGUAGE_STANDARD = "gnu++14";
				CLANG_CXX_LIBRARY = "libc++";
				CLANG_ENABLE_MODULES = YES;
				CLANG_ENABLE_OBJC_ARC = YES;
				CLANG_WARN_BLOCK_CAPTURE_AUTORELEASING = YES;
				CLANG_WARN_BOOL_CONVERSION = YES;
				CLANG_WARN_COMMA = YES;
				CLANG_WARN_CONSTANT_CONVERSION = YES;
				CLANG_WARN_DIRECT_OBJC_ISA_USAGE = YES_ERROR;
				CLANG_WARN_DOCUMENTATION_COMMENTS = YES;
				CLANG_WARN_EMPTY_BODY = YES;
				CLANG_WARN_ENUM_CONVERSION = YES;
				CLANG_WARN_INFINITE_RECURSION = YES;
				CLANG_WARN_INT_CONVERSION = YES;
				CLANG_WARN_NON_LITERAL_NULL_CONVERSION = YES;
				CLANG_WARN_OBJC_LITERAL_CONVERSION = YES;
				CLANG_WARN_OBJC_ROOT_CLASS = YES_ERROR;
				CLANG_WARN_RANGE_LOOP_ANALYSIS = YES;
				CLANG_WARN_STRICT_PROTOTYPES = YES;
				CLANG_WARN_SUSPICIOUS_MOVE = YES;
				CLANG_WARN_UNGUARDED_AVAILABILITY = YES_AGGRESSIVE;
				CLANG_WARN_UNREACHABLE_CODE = YES;
				CLANG_WARN__DUPLICATE_METHOD_MATCH = YES;
				CODE_SIGN_IDENTITY = "iPhone Developer";
				COPY_PHASE_STRIP = NO;
				DEBUG_INFORMATION_FORMAT = dwarf;
				ENABLE_STRICT_OBJC_MSGSEND = YES;
				ENABLE_TESTABILITY = YES;
				GCC_C_LANGUAGE_STANDARD = gnu11;
				GCC_DYNAMIC_NO_PIC = NO;
				GCC_NO_COMMON_BLOCKS = YES;
				GCC_OPTIMIZATION_LEVEL = 0;
				GCC_PREPROCESSOR_DEFINITIONS = (
					"DEBUG=1",
					"$(inherited)",
				);
				GCC_WARN_64_TO_32_BIT_CONVERSION = YES;
				GCC_WARN_ABOUT_RETURN_TYPE = YES_ERROR;
				GCC_WARN_UNDECLARED_SELECTOR = YES;
				GCC_WARN_UNINITIALIZED_AUTOS = YES_AGGRESSIVE;
				GCC_WARN_UNUSED_FUNCTION = YES;
				GCC_WARN_UNUSED_VARIABLE = YES;
				IPHONEOS_DEPLOYMENT_TARGET = 11.0;
				MTL_ENABLE_DEBUG_INFO = YES;
				ONLY_ACTIVE_ARCH = YES;
				SDKROOT = iphoneos;
				SWIFT_ACTIVE_COMPILATION_CONDITIONS = DEBUG;
				SWIFT_OPTIMIZATION_LEVEL = "-Onone";
			};
			name = Debug;
		};
		2F3EE4DA20B3AB630065724E /* Release */ = {
			isa = XCBuildConfiguration;
			buildSettings = {
				ALWAYS_SEARCH_USER_PATHS = NO;
				CLANG_ANALYZER_NONNULL = YES;
				CLANG_ANALYZER_NUMBER_OBJECT_CONVERSION = YES_AGGRESSIVE;
				CLANG_CXX_LANGUAGE_STANDARD = "gnu++14";
				CLANG_CXX_LIBRARY = "libc++";
				CLANG_ENABLE_MODULES = YES;
				CLANG_ENABLE_OBJC_ARC = YES;
				CLANG_WARN_BLOCK_CAPTURE_AUTORELEASING = YES;
				CLANG_WARN_BOOL_CONVERSION = YES;
				CLANG_WARN_COMMA = YES;
				CLANG_WARN_CONSTANT_CONVERSION = YES;
				CLANG_WARN_DIRECT_OBJC_ISA_USAGE = YES_ERROR;
				CLANG_WARN_DOCUMENTATION_COMMENTS = YES;
				CLANG_WARN_EMPTY_BODY = YES;
				CLANG_WARN_ENUM_CONVERSION = YES;
				CLANG_WARN_INFINITE_RECURSION = YES;
				CLANG_WARN_INT_CONVERSION = YES;
				CLANG_WARN_NON_LITERAL_NULL_CONVERSION = YES;
				CLANG_WARN_OBJC_LITERAL_CONVERSION = YES;
				CLANG_WARN_OBJC_ROOT_CLASS = YES_ERROR;
				CLANG_WARN_RANGE_LOOP_ANALYSIS = YES;
				CLANG_WARN_STRICT_PROTOTYPES = YES;
				CLANG_WARN_SUSPICIOUS_MOVE = YES;
				CLANG_WARN_UNGUARDED_AVAILABILITY = YES_AGGRESSIVE;
				CLANG_WARN_UNREACHABLE_CODE = YES;
				CLANG_WARN__DUPLICATE_METHOD_MATCH = YES;
				CODE_SIGN_IDENTITY = "iPhone Developer";
				COPY_PHASE_STRIP = NO;
				DEBUG_INFORMATION_FORMAT = "dwarf-with-dsym";
				ENABLE_NS_ASSERTIONS = NO;
				ENABLE_STRICT_OBJC_MSGSEND = YES;
				GCC_C_LANGUAGE_STANDARD = gnu11;
				GCC_NO_COMMON_BLOCKS = YES;
				GCC_WARN_64_TO_32_BIT_CONVERSION = YES;
				GCC_WARN_ABOUT_RETURN_TYPE = YES_ERROR;
				GCC_WARN_UNDECLARED_SELECTOR = YES;
				GCC_WARN_UNINITIALIZED_AUTOS = YES_AGGRESSIVE;
				GCC_WARN_UNUSED_FUNCTION = YES;
				GCC_WARN_UNUSED_VARIABLE = YES;
				IPHONEOS_DEPLOYMENT_TARGET = 11.0;
				MTL_ENABLE_DEBUG_INFO = NO;
				SDKROOT = iphoneos;
				SWIFT_OPTIMIZATION_LEVEL = "-Owholemodule";
				VALIDATE_PRODUCT = YES;
			};
			name = Release;
		};
		2F3EE4DC20B3AB630065724E /* Debug */ = {
			isa = XCBuildConfiguration;
			buildSettings = {
				ASSETCATALOG_COMPILER_APPICON_NAME = AppIcon;
				CODE_SIGN_STYLE = Automatic;
				INFOPLIST_FILE = Display1To100/Info.plist;
				LD_RUNPATH_SEARCH_PATHS = "$(inherited) @executable_path/Frameworks";
				PRODUCT_BUNDLE_IDENTIFIER = NA.Display1To100;
				PRODUCT_NAME = "$(TARGET_NAME)";
				SWIFT_VERSION = 4.0;
				TARGETED_DEVICE_FAMILY = "1,2";
			};
			name = Debug;
		};
		2F3EE4DD20B3AB630065724E /* Release */ = {
			isa = XCBuildConfiguration;
			buildSettings = {
				ASSETCATALOG_COMPILER_APPICON_NAME = AppIcon;
				CODE_SIGN_STYLE = Automatic;
				INFOPLIST_FILE = Display1To100/Info.plist;
				LD_RUNPATH_SEARCH_PATHS = "$(inherited) @executable_path/Frameworks";
				PRODUCT_BUNDLE_IDENTIFIER = NA.Display1To100;
				PRODUCT_NAME = "$(TARGET_NAME)";
				SWIFT_VERSION = 4.0;
				TARGETED_DEVICE_FAMILY = "1,2";
			};
			name = Release;
		};
/* End XCBuildConfiguration section */

/* Begin XCConfigurationList section */
		2F3EE4C120B3AB630065724E /* Build configuration list for PBXProject "Display1To100" */ = {
			isa = XCConfigurationList;
			buildConfigurations = (
				2F3EE4D920B3AB630065724E /* Debug */,
				2F3EE4DA20B3AB630065724E /* Release */,
			);
			defaultConfigurationIsVisible = 0;
			defaultConfigurationName = Release;
		};
		2F3EE4DB20B3AB630065724E /* Build configuration list for PBXNativeTarget "Display1To100" */ = {
			isa = XCConfigurationList;
			buildConfigurations = (
				2F3EE4DC20B3AB630065724E /* Debug */,
				2F3EE4DD20B3AB630065724E /* Release */,
			);
			defaultConfigurationIsVisible = 0;
			defaultConfigurationName = Release;
		};
/* End XCConfigurationList section */

/* Begin XCVersionGroup section */
		2F3EE4D020B3AB630065724E /* Display1To100.xcdatamodeld */ = {
			isa = XCVersionGroup;
			children = (
				2F3EE4D120B3AB630065724E /* Display1To100.xcdatamodel */,
			);
			currentVersion = 2F3EE4D120B3AB630065724E /* Display1To100.xcdatamodel */;
			path = Display1To100.xcdatamodeld;
			sourceTree = "<group>";
			versionGroupType = wrapper.xcdatamodel;
		};
/* End XCVersionGroup section */
	};
	rootObject = 2F3EE4BE20B3AB630065724E /* Project object */;
}
